// !$*UTF8*$!
{
	archiveVersion = 1;
	classes = {
	};
	objectVersion = 46;
	objects = {

/* Begin PBXBuildFile section */
		164F3412F1ED539A4F1204A5 /* Pods_Mext.framework in Frameworks */ = {isa = PBXBuildFile; fileRef = D6EF0122682C84997CA723F2 /* Pods_Mext.framework */; };
		80CB916914C73A27C8A3528D /* Pods_MextTests.framework in Frameworks */ = {isa = PBXBuildFile; fileRef = 12AA148D0AC0F4DCCA2D3321 /* Pods_MextTests.framework */; };
		CD63D1FCF3546B971692B871 /* Pods_MextUITests.framework in Frameworks */ = {isa = PBXBuildFile; fileRef = F2B61B79828AC660EB1741B4 /* Pods_MextUITests.framework */; };
		FA0A7C581D4D776100708429 /* CustomBubbleSizeCalculator.swift in Sources */ = {isa = PBXBuildFile; fileRef = FA0A7C571D4D776100708429 /* CustomBubbleSizeCalculator.swift */; };
		FA0DD19D1D276AD30089F512 /* AppDelegate.swift in Sources */ = {isa = PBXBuildFile; fileRef = FA0DD19C1D276AD30089F512 /* AppDelegate.swift */; };
		FA0DD19F1D276AD30089F512 /* LoginViewController.swift in Sources */ = {isa = PBXBuildFile; fileRef = FA0DD19E1D276AD30089F512 /* LoginViewController.swift */; };
		FA0DD1A21D276AD30089F512 /* Main.storyboard in Resources */ = {isa = PBXBuildFile; fileRef = FA0DD1A01D276AD30089F512 /* Main.storyboard */; };
		FA0DD1A41D276AD30089F512 /* Assets.xcassets in Resources */ = {isa = PBXBuildFile; fileRef = FA0DD1A31D276AD30089F512 /* Assets.xcassets */; };
		FA0DD1A71D276AD30089F512 /* LaunchScreen.storyboard in Resources */ = {isa = PBXBuildFile; fileRef = FA0DD1A51D276AD30089F512 /* LaunchScreen.storyboard */; };
		FA0DD1B21D276AD30089F512 /* MextTests.swift in Sources */ = {isa = PBXBuildFile; fileRef = FA0DD1B11D276AD30089F512 /* MextTests.swift */; };
		FA0DD1BD1D276AD30089F512 /* MextUITests.swift in Sources */ = {isa = PBXBuildFile; fileRef = FA0DD1BC1D276AD30089F512 /* MextUITests.swift */; };
		FA24801F1D4C68CC00988A8A /* EmojiChecker.swift in Sources */ = {isa = PBXBuildFile; fileRef = FA24801E1D4C68CC00988A8A /* EmojiChecker.swift */; };
		FA3A64471D2F68800074515A /* MusicSuggestionTableViewCell.swift in Sources */ = {isa = PBXBuildFile; fileRef = FA3A64461D2F68800074515A /* MusicSuggestionTableViewCell.swift */; };
		FA60537C1D458D3400720599 /* AddFriendViewController.swift in Sources */ = {isa = PBXBuildFile; fileRef = FA60537B1D458D3400720599 /* AddFriendViewController.swift */; };
		FA6053801D45ABD400720599 /* AddFriendTableViewCell.swift in Sources */ = {isa = PBXBuildFile; fileRef = FA60537F1D45ABD400720599 /* AddFriendTableViewCell.swift */; };
		FA7559A31D3854A700F5DD39 /* SignUpViewController.swift in Sources */ = {isa = PBXBuildFile; fileRef = FA7559A21D3854A700F5DD39 /* SignUpViewController.swift */; };
		FA7559AC1D3894B600F5DD39 /* UIViewController+Alerts.m in Sources */ = {isa = PBXBuildFile; fileRef = FA7559AB1D3894B600F5DD39 /* UIViewController+Alerts.m */; };
		FA87532C1D31B13100EBDF6A /* MusicPlayerHelper.swift in Sources */ = {isa = PBXBuildFile; fileRef = FA87532B1D31B13100EBDF6A /* MusicPlayerHelper.swift */; };
		FAA051731D3954E200BB20AC /* MessageInboxViewController.swift in Sources */ = {isa = PBXBuildFile; fileRef = FAA051721D3954E200BB20AC /* MessageInboxViewController.swift */; };
		FAB09E181D3D403C001E0115 /* MessageInboxTableViewCell.swift in Sources */ = {isa = PBXBuildFile; fileRef = FAB09E171D3D403C001E0115 /* MessageInboxTableViewCell.swift */; };
		FAB4B4001D3404E2007E5B5C /* SoundClip.swift in Sources */ = {isa = PBXBuildFile; fileRef = FAB4B3FF1D3404E2007E5B5C /* SoundClip.swift */; };
		FAB4B4041D349AF9007E5B5C /* FirebaseHelper.swift in Sources */ = {isa = PBXBuildFile; fileRef = FAB4B4031D349AF9007E5B5C /* FirebaseHelper.swift */; };
		FAB4B4061D34BE16007E5B5C /* Message.swift in Sources */ = {isa = PBXBuildFile; fileRef = FAB4B4051D34BE16007E5B5C /* Message.swift */; };
		FAC482CD1D3D73C500F83E91 /* User.swift in Sources */ = {isa = PBXBuildFile; fileRef = FAC482CC1D3D73C500F83E91 /* User.swift */; };
		FAC482CF1D3D789E00F83E91 /* ContactsViewController.swift in Sources */ = {isa = PBXBuildFile; fileRef = FAC482CE1D3D789E00F83E91 /* ContactsViewController.swift */; };
		FAC482D11D3D854200F83E91 /* ChatRoom.swift in Sources */ = {isa = PBXBuildFile; fileRef = FAC482D01D3D854200F83E91 /* ChatRoom.swift */; };
		FAC818901D41DE1600B837B4 /* ContactTableViewCell.swift in Sources */ = {isa = PBXBuildFile; fileRef = FAC8188F1D41DE1600B837B4 /* ContactTableViewCell.swift */; };
		FAD74F031D441C6A0022B881 /* Alamofire.framework in Frameworks */ = {isa = PBXBuildFile; fileRef = FAD74EF21D4419D90022B881 /* Alamofire.framework */; };
		FAD74F041D441C6A0022B881 /* Alamofire.framework in Embed Frameworks */ = {isa = PBXBuildFile; fileRef = FAD74EF21D4419D90022B881 /* Alamofire.framework */; settings = {ATTRIBUTES = (CodeSignOnCopy, RemoveHeadersOnCopy, ); }; };
		FAFAC3E91D276D38005BA926 /* GoogleService-Info.plist in Resources */ = {isa = PBXBuildFile; fileRef = FAFAC3E81D276D38005BA926 /* GoogleService-Info.plist */; };
		FAFAC3EE1D277434005BA926 /* ChatViewController.swift in Sources */ = {isa = PBXBuildFile; fileRef = FAFAC3ED1D277434005BA926 /* ChatViewController.swift */; };
/* End PBXBuildFile section */

/* Begin PBXContainerItemProxy section */
		FA0DD1AE1D276AD30089F512 /* PBXContainerItemProxy */ = {
			isa = PBXContainerItemProxy;
			containerPortal = FA0DD1911D276AD30089F512 /* Project object */;
			proxyType = 1;
			remoteGlobalIDString = FA0DD1981D276AD30089F512;
			remoteInfo = Mext;
		};
		FA0DD1B91D276AD30089F512 /* PBXContainerItemProxy */ = {
			isa = PBXContainerItemProxy;
			containerPortal = FA0DD1911D276AD30089F512 /* Project object */;
			proxyType = 1;
			remoteGlobalIDString = FA0DD1981D276AD30089F512;
			remoteInfo = Mext;
		};
/* End PBXContainerItemProxy section */

/* Begin PBXCopyFilesBuildPhase section */
		FAD74F051D441C6A0022B881 /* Embed Frameworks */ = {
			isa = PBXCopyFilesBuildPhase;
			buildActionMask = 2147483647;
			dstPath = "";
			dstSubfolderSpec = 10;
			files = (
				FAD74F041D441C6A0022B881 /* Alamofire.framework in Embed Frameworks */,
			);
			name = "Embed Frameworks";
			runOnlyForDeploymentPostprocessing = 0;
		};
/* End PBXCopyFilesBuildPhase section */

/* Begin PBXFileReference section */
		12AA148D0AC0F4DCCA2D3321 /* Pods_MextTests.framework */ = {isa = PBXFileReference; explicitFileType = wrapper.framework; includeInIndex = 0; path = Pods_MextTests.framework; sourceTree = BUILT_PRODUCTS_DIR; };
		3A6EBA255A72E8063A9C2194 /* Pods-Mext.debug.xcconfig */ = {isa = PBXFileReference; includeInIndex = 1; lastKnownFileType = text.xcconfig; name = "Pods-Mext.debug.xcconfig"; path = "Pods/Target Support Files/Pods-Mext/Pods-Mext.debug.xcconfig"; sourceTree = "<group>"; };
		4E340D33511CBFDD49E1F836 /* Pods-MextTests.release.xcconfig */ = {isa = PBXFileReference; includeInIndex = 1; lastKnownFileType = text.xcconfig; name = "Pods-MextTests.release.xcconfig"; path = "Pods/Target Support Files/Pods-MextTests/Pods-MextTests.release.xcconfig"; sourceTree = "<group>"; };
		6B52820085DAFC033814858D /* Pods-MextUITests.debug.xcconfig */ = {isa = PBXFileReference; includeInIndex = 1; lastKnownFileType = text.xcconfig; name = "Pods-MextUITests.debug.xcconfig"; path = "Pods/Target Support Files/Pods-MextUITests/Pods-MextUITests.debug.xcconfig"; sourceTree = "<group>"; };
		AABC01EC84B157FCD8085690 /* Pods-MextTests.debug.xcconfig */ = {isa = PBXFileReference; includeInIndex = 1; lastKnownFileType = text.xcconfig; name = "Pods-MextTests.debug.xcconfig"; path = "Pods/Target Support Files/Pods-MextTests/Pods-MextTests.debug.xcconfig"; sourceTree = "<group>"; };
		D6EF0122682C84997CA723F2 /* Pods_Mext.framework */ = {isa = PBXFileReference; explicitFileType = wrapper.framework; includeInIndex = 0; path = Pods_Mext.framework; sourceTree = BUILT_PRODUCTS_DIR; };
		F25AA563D171A1F7935E41D5 /* Pods-MextUITests.release.xcconfig */ = {isa = PBXFileReference; includeInIndex = 1; lastKnownFileType = text.xcconfig; name = "Pods-MextUITests.release.xcconfig"; path = "Pods/Target Support Files/Pods-MextUITests/Pods-MextUITests.release.xcconfig"; sourceTree = "<group>"; };
		F2B61B79828AC660EB1741B4 /* Pods_MextUITests.framework */ = {isa = PBXFileReference; explicitFileType = wrapper.framework; includeInIndex = 0; path = Pods_MextUITests.framework; sourceTree = BUILT_PRODUCTS_DIR; };
		FA0A7C571D4D776100708429 /* CustomBubbleSizeCalculator.swift */ = {isa = PBXFileReference; fileEncoding = 4; lastKnownFileType = sourcecode.swift; path = CustomBubbleSizeCalculator.swift; sourceTree = "<group>"; };
		FA0DD1991D276AD30089F512 /* Mext.app */ = {isa = PBXFileReference; explicitFileType = wrapper.application; includeInIndex = 0; path = Mext.app; sourceTree = BUILT_PRODUCTS_DIR; };
		FA0DD19C1D276AD30089F512 /* AppDelegate.swift */ = {isa = PBXFileReference; lastKnownFileType = sourcecode.swift; path = AppDelegate.swift; sourceTree = "<group>"; };
		FA0DD19E1D276AD30089F512 /* LoginViewController.swift */ = {isa = PBXFileReference; lastKnownFileType = sourcecode.swift; name = LoginViewController.swift; path = ../LoginViewController.swift; sourceTree = "<group>"; };
		FA0DD1A11D276AD30089F512 /* Base */ = {isa = PBXFileReference; lastKnownFileType = file.storyboard; name = Base; path = Base.lproj/Main.storyboard; sourceTree = "<group>"; };
		FA0DD1A31D276AD30089F512 /* Assets.xcassets */ = {isa = PBXFileReference; lastKnownFileType = folder.assetcatalog; path = Assets.xcassets; sourceTree = "<group>"; };
		FA0DD1A61D276AD30089F512 /* Base */ = {isa = PBXFileReference; lastKnownFileType = file.storyboard; name = Base; path = Base.lproj/LaunchScreen.storyboard; sourceTree = "<group>"; };
		FA0DD1A81D276AD30089F512 /* Info.plist */ = {isa = PBXFileReference; lastKnownFileType = text.plist.xml; path = Info.plist; sourceTree = "<group>"; };
		FA0DD1AD1D276AD30089F512 /* MextTests.xctest */ = {isa = PBXFileReference; explicitFileType = wrapper.cfbundle; includeInIndex = 0; path = MextTests.xctest; sourceTree = BUILT_PRODUCTS_DIR; };
		FA0DD1B11D276AD30089F512 /* MextTests.swift */ = {isa = PBXFileReference; lastKnownFileType = sourcecode.swift; path = MextTests.swift; sourceTree = "<group>"; };
		FA0DD1B31D276AD30089F512 /* Info.plist */ = {isa = PBXFileReference; lastKnownFileType = text.plist.xml; path = Info.plist; sourceTree = "<group>"; };
		FA0DD1B81D276AD30089F512 /* MextUITests.xctest */ = {isa = PBXFileReference; explicitFileType = wrapper.cfbundle; includeInIndex = 0; path = MextUITests.xctest; sourceTree = BUILT_PRODUCTS_DIR; };
		FA0DD1BC1D276AD30089F512 /* MextUITests.swift */ = {isa = PBXFileReference; lastKnownFileType = sourcecode.swift; path = MextUITests.swift; sourceTree = "<group>"; };
		FA0DD1BE1D276AD30089F512 /* Info.plist */ = {isa = PBXFileReference; lastKnownFileType = text.plist.xml; path = Info.plist; sourceTree = "<group>"; };
		FA24801E1D4C68CC00988A8A /* EmojiChecker.swift */ = {isa = PBXFileReference; fileEncoding = 4; lastKnownFileType = sourcecode.swift; path = EmojiChecker.swift; sourceTree = "<group>"; };
		FA3A64461D2F68800074515A /* MusicSuggestionTableViewCell.swift */ = {isa = PBXFileReference; fileEncoding = 4; lastKnownFileType = sourcecode.swift; path = MusicSuggestionTableViewCell.swift; sourceTree = "<group>"; };
		FA60537B1D458D3400720599 /* AddFriendViewController.swift */ = {isa = PBXFileReference; fileEncoding = 4; lastKnownFileType = sourcecode.swift; path = AddFriendViewController.swift; sourceTree = "<group>"; };
		FA60537F1D45ABD400720599 /* AddFriendTableViewCell.swift */ = {isa = PBXFileReference; fileEncoding = 4; lastKnownFileType = sourcecode.swift; path = AddFriendTableViewCell.swift; sourceTree = "<group>"; };
		FA7559A21D3854A700F5DD39 /* SignUpViewController.swift */ = {isa = PBXFileReference; fileEncoding = 4; lastKnownFileType = sourcecode.swift; path = SignUpViewController.swift; sourceTree = "<group>"; };
		FA7559A71D3892F000F5DD39 /* Mext-Bridging-Header.h */ = {isa = PBXFileReference; lastKnownFileType = sourcecode.c.h; path = "Mext-Bridging-Header.h"; sourceTree = "<group>"; };
		FA7559AB1D3894B600F5DD39 /* UIViewController+Alerts.m */ = {isa = PBXFileReference; fileEncoding = 4; lastKnownFileType = sourcecode.c.objc; path = "UIViewController+Alerts.m"; sourceTree = "<group>"; };
		FA7559AD1D3894C300F5DD39 /* UIViewController+Alerts.h */ = {isa = PBXFileReference; fileEncoding = 4; lastKnownFileType = sourcecode.c.h; path = "UIViewController+Alerts.h"; sourceTree = "<group>"; };
		FA87532B1D31B13100EBDF6A /* MusicPlayerHelper.swift */ = {isa = PBXFileReference; fileEncoding = 4; lastKnownFileType = sourcecode.swift; path = MusicPlayerHelper.swift; sourceTree = "<group>"; };
		FAA051721D3954E200BB20AC /* MessageInboxViewController.swift */ = {isa = PBXFileReference; fileEncoding = 4; lastKnownFileType = sourcecode.swift; path = MessageInboxViewController.swift; sourceTree = "<group>"; };
		FAB09E171D3D403C001E0115 /* MessageInboxTableViewCell.swift */ = {isa = PBXFileReference; fileEncoding = 4; lastKnownFileType = sourcecode.swift; path = MessageInboxTableViewCell.swift; sourceTree = "<group>"; };
		FAB4B3FF1D3404E2007E5B5C /* SoundClip.swift */ = {isa = PBXFileReference; fileEncoding = 4; lastKnownFileType = sourcecode.swift; path = SoundClip.swift; sourceTree = "<group>"; };
		FAB4B4031D349AF9007E5B5C /* FirebaseHelper.swift */ = {isa = PBXFileReference; fileEncoding = 4; lastKnownFileType = sourcecode.swift; path = FirebaseHelper.swift; sourceTree = "<group>"; };
		FAB4B4051D34BE16007E5B5C /* Message.swift */ = {isa = PBXFileReference; fileEncoding = 4; lastKnownFileType = sourcecode.swift; name = Message.swift; path = ../View/Message.swift; sourceTree = "<group>"; };
		FAC482CC1D3D73C500F83E91 /* User.swift */ = {isa = PBXFileReference; fileEncoding = 4; lastKnownFileType = sourcecode.swift; path = User.swift; sourceTree = "<group>"; };
		FAC482CE1D3D789E00F83E91 /* ContactsViewController.swift */ = {isa = PBXFileReference; fileEncoding = 4; lastKnownFileType = sourcecode.swift; path = ContactsViewController.swift; sourceTree = "<group>"; };
		FAC482D01D3D854200F83E91 /* ChatRoom.swift */ = {isa = PBXFileReference; fileEncoding = 4; lastKnownFileType = sourcecode.swift; path = ChatRoom.swift; sourceTree = "<group>"; };
		FAC8188F1D41DE1600B837B4 /* ContactTableViewCell.swift */ = {isa = PBXFileReference; fileEncoding = 4; lastKnownFileType = sourcecode.swift; path = ContactTableViewCell.swift; sourceTree = "<group>"; };
		FAD74EF21D4419D90022B881 /* Alamofire.framework */ = {isa = PBXFileReference; explicitFileType = wrapper.framework; name = Alamofire.framework; path = "/Users/Alex/Library/Developer/Xcode/DerivedData/Mext-bdqzsrnreuikfxhauqqabzxxfvkn/Build/Products/Debug-iphonesimulator/Alamofire/Alamofire.framework"; sourceTree = "<absolute>"; };
		FAD74EF81D441A7B0022B881 /* AlamofireImage.framework */ = {isa = PBXFileReference; explicitFileType = wrapper.framework; name = AlamofireImage.framework; path = "/Users/Alex/Library/Developer/Xcode/DerivedData/Mext-bdqzsrnreuikfxhauqqabzxxfvkn/Build/Products/Debug-iphonesimulator/AlamofireImage/AlamofireImage.framework"; sourceTree = "<absolute>"; };
		FAFAC3E81D276D38005BA926 /* GoogleService-Info.plist */ = {isa = PBXFileReference; fileEncoding = 4; lastKnownFileType = text.plist.xml; path = "GoogleService-Info.plist"; sourceTree = "<group>"; };
		FAFAC3ED1D277434005BA926 /* ChatViewController.swift */ = {isa = PBXFileReference; fileEncoding = 4; lastKnownFileType = sourcecode.swift; path = ChatViewController.swift; sourceTree = "<group>"; };
		FF0B378683EA343F1732402A /* Pods-Mext.release.xcconfig */ = {isa = PBXFileReference; includeInIndex = 1; lastKnownFileType = text.xcconfig; name = "Pods-Mext.release.xcconfig"; path = "Pods/Target Support Files/Pods-Mext/Pods-Mext.release.xcconfig"; sourceTree = "<group>"; };
/* End PBXFileReference section */

/* Begin PBXFrameworksBuildPhase section */
		FA0DD1961D276AD30089F512 /* Frameworks */ = {
			isa = PBXFrameworksBuildPhase;
			buildActionMask = 2147483647;
			files = (
				164F3412F1ED539A4F1204A5 /* Pods_Mext.framework in Frameworks */,
				FAD74F031D441C6A0022B881 /* Alamofire.framework in Frameworks */,
			);
			runOnlyForDeploymentPostprocessing = 0;
		};
		FA0DD1AA1D276AD30089F512 /* Frameworks */ = {
			isa = PBXFrameworksBuildPhase;
			buildActionMask = 2147483647;
			files = (
				80CB916914C73A27C8A3528D /* Pods_MextTests.framework in Frameworks */,
			);
			runOnlyForDeploymentPostprocessing = 0;
		};
		FA0DD1B51D276AD30089F512 /* Frameworks */ = {
			isa = PBXFrameworksBuildPhase;
			buildActionMask = 2147483647;
			files = (
				CD63D1FCF3546B971692B871 /* Pods_MextUITests.framework in Frameworks */,
			);
			runOnlyForDeploymentPostprocessing = 0;
		};
/* End PBXFrameworksBuildPhase section */

/* Begin PBXGroup section */
		336A792DE9946DAC56FD83ED /* Frameworks */ = {
			isa = PBXGroup;
			children = (
				D6EF0122682C84997CA723F2 /* Pods_Mext.framework */,
				12AA148D0AC0F4DCCA2D3321 /* Pods_MextTests.framework */,
				F2B61B79828AC660EB1741B4 /* Pods_MextUITests.framework */,
			);
			name = Frameworks;
			sourceTree = "<group>";
		};
		D4C445FE6E4F895CB62F3523 /* Pods */ = {
			isa = PBXGroup;
			children = (
				3A6EBA255A72E8063A9C2194 /* Pods-Mext.debug.xcconfig */,
				FF0B378683EA343F1732402A /* Pods-Mext.release.xcconfig */,
				AABC01EC84B157FCD8085690 /* Pods-MextTests.debug.xcconfig */,
				4E340D33511CBFDD49E1F836 /* Pods-MextTests.release.xcconfig */,
				6B52820085DAFC033814858D /* Pods-MextUITests.debug.xcconfig */,
				F25AA563D171A1F7935E41D5 /* Pods-MextUITests.release.xcconfig */,
			);
			name = Pods;
			sourceTree = "<group>";
		};
		FA0DD1901D276AD30089F512 = {
			isa = PBXGroup;
			children = (
				FAD74EF81D441A7B0022B881 /* AlamofireImage.framework */,
				FAD74EF21D4419D90022B881 /* Alamofire.framework */,
				FA0DD19B1D276AD30089F512 /* Mext */,
				FA0DD1B01D276AD30089F512 /* MextTests */,
				FA0DD1BB1D276AD30089F512 /* MextUITests */,
				FA0DD19A1D276AD30089F512 /* Products */,
				D4C445FE6E4F895CB62F3523 /* Pods */,
				336A792DE9946DAC56FD83ED /* Frameworks */,
			);
			sourceTree = "<group>";
		};
		FA0DD19A1D276AD30089F512 /* Products */ = {
			isa = PBXGroup;
			children = (
				FA0DD1991D276AD30089F512 /* Mext.app */,
				FA0DD1AD1D276AD30089F512 /* MextTests.xctest */,
				FA0DD1B81D276AD30089F512 /* MextUITests.xctest */,
			);
			name = Products;
			sourceTree = "<group>";
		};
		FA0DD19B1D276AD30089F512 /* Mext */ = {
			isa = PBXGroup;
			children = (
				FA7559AA1D38947400F5DD39 /* SupportingFiles */,
				FA87532A1D31B10C00EBDF6A /* Helpers */,
				FAFAC3EC1D27732D005BA926 /* ViewControllers */,
				FAFAC3EB1D277320005BA926 /* View */,
				FAFAC3EA1D277310005BA926 /* Models */,
				FAFAC3E81D276D38005BA926 /* GoogleService-Info.plist */,
				FA0DD19C1D276AD30089F512 /* AppDelegate.swift */,
				FA0DD1A01D276AD30089F512 /* Main.storyboard */,
				FA0DD1A31D276AD30089F512 /* Assets.xcassets */,
				FA0DD1A51D276AD30089F512 /* LaunchScreen.storyboard */,
				FA0DD1A81D276AD30089F512 /* Info.plist */,
				FA7559A71D3892F000F5DD39 /* Mext-Bridging-Header.h */,
			);
			path = Mext;
			sourceTree = "<group>";
		};
		FA0DD1B01D276AD30089F512 /* MextTests */ = {
			isa = PBXGroup;
			children = (
				FA0DD1B11D276AD30089F512 /* MextTests.swift */,
				FA0DD1B31D276AD30089F512 /* Info.plist */,
			);
			path = MextTests;
			sourceTree = "<group>";
		};
		FA0DD1BB1D276AD30089F512 /* MextUITests */ = {
			isa = PBXGroup;
			children = (
				FA0DD1BC1D276AD30089F512 /* MextUITests.swift */,
				FA0DD1BE1D276AD30089F512 /* Info.plist */,
			);
			path = MextUITests;
			sourceTree = "<group>";
		};
		FA7559AA1D38947400F5DD39 /* SupportingFiles */ = {
			isa = PBXGroup;
			children = (
				FA7559AD1D3894C300F5DD39 /* UIViewController+Alerts.h */,
				FA7559AB1D3894B600F5DD39 /* UIViewController+Alerts.m */,
				FA0A7C571D4D776100708429 /* CustomBubbleSizeCalculator.swift */,
			);
			path = SupportingFiles;
			sourceTree = "<group>";
		};
		FA87532A1D31B10C00EBDF6A /* Helpers */ = {
			isa = PBXGroup;
			children = (
				FA87532B1D31B13100EBDF6A /* MusicPlayerHelper.swift */,
				FAB4B4031D349AF9007E5B5C /* FirebaseHelper.swift */,
				FA24801E1D4C68CC00988A8A /* EmojiChecker.swift */,
			);
			path = Helpers;
			sourceTree = "<group>";
		};
		FAFAC3EA1D277310005BA926 /* Models */ = {
			isa = PBXGroup;
			children = (
				FAB4B4051D34BE16007E5B5C /* Message.swift */,
				FAB4B3FF1D3404E2007E5B5C /* SoundClip.swift */,
				FAC482CC1D3D73C500F83E91 /* User.swift */,
				FAC482D01D3D854200F83E91 /* ChatRoom.swift */,
			);
			path = Models;
			sourceTree = "<group>";
		};
		FAFAC3EB1D277320005BA926 /* View */ = {
			isa = PBXGroup;
			children = (
				FA3A64461D2F68800074515A /* MusicSuggestionTableViewCell.swift */,
				FAB09E171D3D403C001E0115 /* MessageInboxTableViewCell.swift */,
				FAC8188F1D41DE1600B837B4 /* ContactTableViewCell.swift */,
				FA60537F1D45ABD400720599 /* AddFriendTableViewCell.swift */,
			);
			path = View;
			sourceTree = "<group>";
		};
		FAFAC3EC1D27732D005BA926 /* ViewControllers */ = {
			isa = PBXGroup;
			children = (
				FA0DD19E1D276AD30089F512 /* LoginViewController.swift */,
				FAFAC3ED1D277434005BA926 /* ChatViewController.swift */,
				FA7559A21D3854A700F5DD39 /* SignUpViewController.swift */,
				FAA051721D3954E200BB20AC /* MessageInboxViewController.swift */,
				FAC482CE1D3D789E00F83E91 /* ContactsViewController.swift */,
				FA60537B1D458D3400720599 /* AddFriendViewController.swift */,
			);
			path = ViewControllers;
			sourceTree = "<group>";
		};
/* End PBXGroup section */

/* Begin PBXNativeTarget section */
		FA0DD1981D276AD30089F512 /* Mext */ = {
			isa = PBXNativeTarget;
			buildConfigurationList = FA0DD1C11D276AD30089F512 /* Build configuration list for PBXNativeTarget "Mext" */;
			buildPhases = (
				B5F38DF1B65A1415634F7CB8 /* [CP] Check Pods Manifest.lock */,
				FA0DD1951D276AD30089F512 /* Sources */,
				FA0DD1961D276AD30089F512 /* Frameworks */,
				FA0DD1971D276AD30089F512 /* Resources */,
				7CCD76EFA4F98642859519F3 /* [CP] Embed Pods Frameworks */,
				B5BECBF673E639B0149B65F2 /* [CP] Copy Pods Resources */,
				FAD74F051D441C6A0022B881 /* Embed Frameworks */,
			);
			buildRules = (
			);
			dependencies = (
			);
			name = Mext;
			productName = Mext;
			productReference = FA0DD1991D276AD30089F512 /* Mext.app */;
			productType = "com.apple.product-type.application";
		};
		FA0DD1AC1D276AD30089F512 /* MextTests */ = {
			isa = PBXNativeTarget;
			buildConfigurationList = FA0DD1C41D276AD30089F512 /* Build configuration list for PBXNativeTarget "MextTests" */;
			buildPhases = (
				5F0035434C8A013E224300D4 /* [CP] Check Pods Manifest.lock */,
				FA0DD1A91D276AD30089F512 /* Sources */,
				FA0DD1AA1D276AD30089F512 /* Frameworks */,
				FA0DD1AB1D276AD30089F512 /* Resources */,
				90447FC55365D154AB1CE339 /* [CP] Embed Pods Frameworks */,
				5D7D04D8CD603E134D4F4FC5 /* [CP] Copy Pods Resources */,
			);
			buildRules = (
			);
			dependencies = (
				FA0DD1AF1D276AD30089F512 /* PBXTargetDependency */,
			);
			name = MextTests;
			productName = MextTests;
			productReference = FA0DD1AD1D276AD30089F512 /* MextTests.xctest */;
			productType = "com.apple.product-type.bundle.unit-test";
		};
		FA0DD1B71D276AD30089F512 /* MextUITests */ = {
			isa = PBXNativeTarget;
			buildConfigurationList = FA0DD1C71D276AD30089F512 /* Build configuration list for PBXNativeTarget "MextUITests" */;
			buildPhases = (
				91888456499AC48FC4D94E60 /* [CP] Check Pods Manifest.lock */,
				FA0DD1B41D276AD30089F512 /* Sources */,
				FA0DD1B51D276AD30089F512 /* Frameworks */,
				FA0DD1B61D276AD30089F512 /* Resources */,
				D3B6CAAC85FDDBDB458990A6 /* [CP] Copy Pods Resources */,
			);
			buildRules = (
			);
			dependencies = (
				FA0DD1BA1D276AD30089F512 /* PBXTargetDependency */,
			);
			name = MextUITests;
			productName = MextUITests;
			productReference = FA0DD1B81D276AD30089F512 /* MextUITests.xctest */;
			productType = "com.apple.product-type.bundle.ui-testing";
		};
/* End PBXNativeTarget section */

/* Begin PBXProject section */
		FA0DD1911D276AD30089F512 /* Project object */ = {
			isa = PBXProject;
			attributes = {
				LastSwiftUpdateCheck = 0730;
				LastUpgradeCheck = 0730;
				ORGANIZATIONNAME = "Alex Lee";
				TargetAttributes = {
					FA0DD1981D276AD30089F512 = {
						CreatedOnToolsVersion = 7.3.1;
					};
					FA0DD1AC1D276AD30089F512 = {
						CreatedOnToolsVersion = 7.3.1;
						TestTargetID = FA0DD1981D276AD30089F512;
					};
					FA0DD1B71D276AD30089F512 = {
						CreatedOnToolsVersion = 7.3.1;
						TestTargetID = FA0DD1981D276AD30089F512;
					};
				};
			};
			buildConfigurationList = FA0DD1941D276AD30089F512 /* Build configuration list for PBXProject "Mext" */;
			compatibilityVersion = "Xcode 3.2";
			developmentRegion = English;
			hasScannedForEncodings = 0;
			knownRegions = (
				en,
				Base,
			);
			mainGroup = FA0DD1901D276AD30089F512;
			productRefGroup = FA0DD19A1D276AD30089F512 /* Products */;
			projectDirPath = "";
			projectRoot = "";
			targets = (
				FA0DD1981D276AD30089F512 /* Mext */,
				FA0DD1AC1D276AD30089F512 /* MextTests */,
				FA0DD1B71D276AD30089F512 /* MextUITests */,
			);
		};
/* End PBXProject section */

/* Begin PBXResourcesBuildPhase section */
		FA0DD1971D276AD30089F512 /* Resources */ = {
			isa = PBXResourcesBuildPhase;
			buildActionMask = 2147483647;
			files = (
				FA0DD1A71D276AD30089F512 /* LaunchScreen.storyboard in Resources */,
				FAFAC3E91D276D38005BA926 /* GoogleService-Info.plist in Resources */,
				FA0DD1A41D276AD30089F512 /* Assets.xcassets in Resources */,
				FA0DD1A21D276AD30089F512 /* Main.storyboard in Resources */,
			);
			runOnlyForDeploymentPostprocessing = 0;
		};
		FA0DD1AB1D276AD30089F512 /* Resources */ = {
			isa = PBXResourcesBuildPhase;
			buildActionMask = 2147483647;
			files = (
			);
			runOnlyForDeploymentPostprocessing = 0;
		};
		FA0DD1B61D276AD30089F512 /* Resources */ = {
			isa = PBXResourcesBuildPhase;
			buildActionMask = 2147483647;
			files = (
			);
			runOnlyForDeploymentPostprocessing = 0;
		};
/* End PBXResourcesBuildPhase section */

/* Begin PBXShellScriptBuildPhase section */
		5D7D04D8CD603E134D4F4FC5 /* [CP] Copy Pods Resources */ = {
			isa = PBXShellScriptBuildPhase;
			buildActionMask = 2147483647;
			files = (
			);
			inputPaths = (
			);
			name = "[CP] Copy Pods Resources";
			outputPaths = (
			);
			runOnlyForDeploymentPostprocessing = 0;
			shellPath = /bin/sh;
			shellScript = "\"${SRCROOT}/Pods/Target Support Files/Pods-MextTests/Pods-MextTests-resources.sh\"\n";
			showEnvVarsInLog = 0;
		};
		5F0035434C8A013E224300D4 /* [CP] Check Pods Manifest.lock */ = {
			isa = PBXShellScriptBuildPhase;
			buildActionMask = 2147483647;
			files = (
			);
			inputPaths = (
			);
			name = "[CP] Check Pods Manifest.lock";
			outputPaths = (
			);
			runOnlyForDeploymentPostprocessing = 0;
			shellPath = /bin/sh;
			shellScript = "diff \"${PODS_ROOT}/../Podfile.lock\" \"${PODS_ROOT}/Manifest.lock\" > /dev/null\nif [[ $? != 0 ]] ; then\n    cat << EOM\nerror: The sandbox is not in sync with the Podfile.lock. Run 'pod install' or update your CocoaPods installation.\nEOM\n    exit 1\nfi\n";
			showEnvVarsInLog = 0;
		};
		7CCD76EFA4F98642859519F3 /* [CP] Embed Pods Frameworks */ = {
			isa = PBXShellScriptBuildPhase;
			buildActionMask = 2147483647;
			files = (
			);
			inputPaths = (
			);
			name = "[CP] Embed Pods Frameworks";
			outputPaths = (
			);
			runOnlyForDeploymentPostprocessing = 0;
			shellPath = /bin/sh;
			shellScript = "\"${SRCROOT}/Pods/Target Support Files/Pods-Mext/Pods-Mext-frameworks.sh\"\n";
			showEnvVarsInLog = 0;
		};
		90447FC55365D154AB1CE339 /* [CP] Embed Pods Frameworks */ = {
			isa = PBXShellScriptBuildPhase;
			buildActionMask = 2147483647;
			files = (
			);
			inputPaths = (
			);
			name = "[CP] Embed Pods Frameworks";
			outputPaths = (
			);
			runOnlyForDeploymentPostprocessing = 0;
			shellPath = /bin/sh;
			shellScript = "\"${SRCROOT}/Pods/Target Support Files/Pods-MextTests/Pods-MextTests-frameworks.sh\"\n";
			showEnvVarsInLog = 0;
		};
		91888456499AC48FC4D94E60 /* [CP] Check Pods Manifest.lock */ = {
			isa = PBXShellScriptBuildPhase;
			buildActionMask = 2147483647;
			files = (
			);
			inputPaths = (
			);
			name = "[CP] Check Pods Manifest.lock";
			outputPaths = (
			);
			runOnlyForDeploymentPostprocessing = 0;
			shellPath = /bin/sh;
			shellScript = "diff \"${PODS_ROOT}/../Podfile.lock\" \"${PODS_ROOT}/Manifest.lock\" > /dev/null\nif [[ $? != 0 ]] ; then\n    cat << EOM\nerror: The sandbox is not in sync with the Podfile.lock. Run 'pod install' or update your CocoaPods installation.\nEOM\n    exit 1\nfi\n";
			showEnvVarsInLog = 0;
		};
		B5BECBF673E639B0149B65F2 /* [CP] Copy Pods Resources */ = {
			isa = PBXShellScriptBuildPhase;
			buildActionMask = 2147483647;
			files = (
			);
			inputPaths = (
			);
			name = "[CP] Copy Pods Resources";
			outputPaths = (
			);
			runOnlyForDeploymentPostprocessing = 0;
			shellPath = /bin/sh;
			shellScript = "\"${SRCROOT}/Pods/Target Support Files/Pods-Mext/Pods-Mext-resources.sh\"\n";
			showEnvVarsInLog = 0;
		};
		B5F38DF1B65A1415634F7CB8 /* [CP] Check Pods Manifest.lock */ = {
			isa = PBXShellScriptBuildPhase;
			buildActionMask = 2147483647;
			files = (
			);
			inputPaths = (
			);
			name = "[CP] Check Pods Manifest.lock";
			outputPaths = (
			);
			runOnlyForDeploymentPostprocessing = 0;
			shellPath = /bin/sh;
			shellScript = "diff \"${PODS_ROOT}/../Podfile.lock\" \"${PODS_ROOT}/Manifest.lock\" > /dev/null\nif [[ $? != 0 ]] ; then\n    cat << EOM\nerror: The sandbox is not in sync with the Podfile.lock. Run 'pod install' or update your CocoaPods installation.\nEOM\n    exit 1\nfi\n";
			showEnvVarsInLog = 0;
		};
		D3B6CAAC85FDDBDB458990A6 /* [CP] Copy Pods Resources */ = {
			isa = PBXShellScriptBuildPhase;
			buildActionMask = 2147483647;
			files = (
			);
			inputPaths = (
			);
			name = "[CP] Copy Pods Resources";
			outputPaths = (
			);
			runOnlyForDeploymentPostprocessing = 0;
			shellPath = /bin/sh;
			shellScript = "\"${SRCROOT}/Pods/Target Support Files/Pods-MextUITests/Pods-MextUITests-resources.sh\"\n";
			showEnvVarsInLog = 0;
		};
/* End PBXShellScriptBuildPhase section */

/* Begin PBXSourcesBuildPhase section */
		FA0DD1951D276AD30089F512 /* Sources */ = {
			isa = PBXSourcesBuildPhase;
			buildActionMask = 2147483647;
			files = (
				FAB09E181D3D403C001E0115 /* MessageInboxTableViewCell.swift in Sources */,
				FAB4B4041D349AF9007E5B5C /* FirebaseHelper.swift in Sources */,
				FA0DD19F1D276AD30089F512 /* LoginViewController.swift in Sources */,
				FAA051731D3954E200BB20AC /* MessageInboxViewController.swift in Sources */,
				FA3A64471D2F68800074515A /* MusicSuggestionTableViewCell.swift in Sources */,
				FAB4B4061D34BE16007E5B5C /* Message.swift in Sources */,
				FA7559A31D3854A700F5DD39 /* SignUpViewController.swift in Sources */,
				FAC482CD1D3D73C500F83E91 /* User.swift in Sources */,
				FAFAC3EE1D277434005BA926 /* ChatViewController.swift in Sources */,
				FA0DD19D1D276AD30089F512 /* AppDelegate.swift in Sources */,
				FA0A7C581D4D776100708429 /* CustomBubbleSizeCalculator.swift in Sources */,
				FAC482D11D3D854200F83E91 /* ChatRoom.swift in Sources */,
				FA87532C1D31B13100EBDF6A /* MusicPlayerHelper.swift in Sources */,
				FAB4B4001D3404E2007E5B5C /* SoundClip.swift in Sources */,
				FA7559AC1D3894B600F5DD39 /* UIViewController+Alerts.m in Sources */,
				FA60537C1D458D3400720599 /* AddFriendViewController.swift in Sources */,
				FAC482CF1D3D789E00F83E91 /* ContactsViewController.swift in Sources */,
				FAC818901D41DE1600B837B4 /* ContactTableViewCell.swift in Sources */,
				FA24801F1D4C68CC00988A8A /* EmojiChecker.swift in Sources */,
				FA6053801D45ABD400720599 /* AddFriendTableViewCell.swift in Sources */,
			);
			runOnlyForDeploymentPostprocessing = 0;
		};
		FA0DD1A91D276AD30089F512 /* Sources */ = {
			isa = PBXSourcesBuildPhase;
			buildActionMask = 2147483647;
			files = (
				FA0DD1B21D276AD30089F512 /* MextTests.swift in Sources */,
			);
			runOnlyForDeploymentPostprocessing = 0;
		};
		FA0DD1B41D276AD30089F512 /* Sources */ = {
			isa = PBXSourcesBuildPhase;
			buildActionMask = 2147483647;
			files = (
				FA0DD1BD1D276AD30089F512 /* MextUITests.swift in Sources */,
			);
			runOnlyForDeploymentPostprocessing = 0;
		};
/* End PBXSourcesBuildPhase section */

/* Begin PBXTargetDependency section */
		FA0DD1AF1D276AD30089F512 /* PBXTargetDependency */ = {
			isa = PBXTargetDependency;
			target = FA0DD1981D276AD30089F512 /* Mext */;
			targetProxy = FA0DD1AE1D276AD30089F512 /* PBXContainerItemProxy */;
		};
		FA0DD1BA1D276AD30089F512 /* PBXTargetDependency */ = {
			isa = PBXTargetDependency;
			target = FA0DD1981D276AD30089F512 /* Mext */;
			targetProxy = FA0DD1B91D276AD30089F512 /* PBXContainerItemProxy */;
		};
/* End PBXTargetDependency section */

/* Begin PBXVariantGroup section */
		FA0DD1A01D276AD30089F512 /* Main.storyboard */ = {
			isa = PBXVariantGroup;
			children = (
				FA0DD1A11D276AD30089F512 /* Base */,
			);
			name = Main.storyboard;
			sourceTree = "<group>";
		};
		FA0DD1A51D276AD30089F512 /* LaunchScreen.storyboard */ = {
			isa = PBXVariantGroup;
			children = (
				FA0DD1A61D276AD30089F512 /* Base */,
			);
			name = LaunchScreen.storyboard;
			sourceTree = "<group>";
		};
/* End PBXVariantGroup section */

/* Begin XCBuildConfiguration section */
		FA0DD1BF1D276AD30089F512 /* Debug */ = {
			isa = XCBuildConfiguration;
			buildSettings = {
				ALWAYS_SEARCH_USER_PATHS = NO;
				CLANG_ANALYZER_NONNULL = YES;
				CLANG_CXX_LANGUAGE_STANDARD = "gnu++0x";
				CLANG_CXX_LIBRARY = "libc++";
				CLANG_ENABLE_MODULES = YES;
				CLANG_ENABLE_OBJC_ARC = YES;
				CLANG_WARN_BOOL_CONVERSION = YES;
				CLANG_WARN_CONSTANT_CONVERSION = YES;
				CLANG_WARN_DIRECT_OBJC_ISA_USAGE = YES_ERROR;
				CLANG_WARN_EMPTY_BODY = YES;
				CLANG_WARN_ENUM_CONVERSION = YES;
				CLANG_WARN_INT_CONVERSION = YES;
				CLANG_WARN_OBJC_ROOT_CLASS = YES_ERROR;
				CLANG_WARN_UNREACHABLE_CODE = YES;
				CLANG_WARN__DUPLICATE_METHOD_MATCH = YES;
				"CODE_SIGN_IDENTITY[sdk=iphoneos*]" = "iPhone Developer";
				COPY_PHASE_STRIP = NO;
				DEBUG_INFORMATION_FORMAT = dwarf;
				ENABLE_STRICT_OBJC_MSGSEND = YES;
				ENABLE_TESTABILITY = YES;
				GCC_C_LANGUAGE_STANDARD = gnu99;
				GCC_DYNAMIC_NO_PIC = NO;
				GCC_NO_COMMON_BLOCKS = YES;
				GCC_OPTIMIZATION_LEVEL = 0;
				GCC_PREPROCESSOR_DEFINITIONS = (
					"DEBUG=1",
					"$(inherited)",
				);
				GCC_WARN_64_TO_32_BIT_CONVERSION = YES;
				GCC_WARN_ABOUT_RETURN_TYPE = YES_ERROR;
				GCC_WARN_UNDECLARED_SELECTOR = YES;
				GCC_WARN_UNINITIALIZED_AUTOS = YES_AGGRESSIVE;
				GCC_WARN_UNUSED_FUNCTION = YES;
				GCC_WARN_UNUSED_VARIABLE = YES;
				IPHONEOS_DEPLOYMENT_TARGET = 9.3;
				MTL_ENABLE_DEBUG_INFO = YES;
				ONLY_ACTIVE_ARCH = YES;
				SDKROOT = iphoneos;
				SWIFT_OPTIMIZATION_LEVEL = "-Onone";
			};
			name = Debug;
		};
		FA0DD1C01D276AD30089F512 /* Release */ = {
			isa = XCBuildConfiguration;
			buildSettings = {
				ALWAYS_SEARCH_USER_PATHS = NO;
				CLANG_ANALYZER_NONNULL = YES;
				CLANG_CXX_LANGUAGE_STANDARD = "gnu++0x";
				CLANG_CXX_LIBRARY = "libc++";
				CLANG_ENABLE_MODULES = YES;
				CLANG_ENABLE_OBJC_ARC = YES;
				CLANG_WARN_BOOL_CONVERSION = YES;
				CLANG_WARN_CONSTANT_CONVERSION = YES;
				CLANG_WARN_DIRECT_OBJC_ISA_USAGE = YES_ERROR;
				CLANG_WARN_EMPTY_BODY = YES;
				CLANG_WARN_ENUM_CONVERSION = YES;
				CLANG_WARN_INT_CONVERSION = YES;
				CLANG_WARN_OBJC_ROOT_CLASS = YES_ERROR;
				CLANG_WARN_UNREACHABLE_CODE = YES;
				CLANG_WARN__DUPLICATE_METHOD_MATCH = YES;
				"CODE_SIGN_IDENTITY[sdk=iphoneos*]" = "iPhone Developer";
				COPY_PHASE_STRIP = NO;
				DEBUG_INFORMATION_FORMAT = "dwarf-with-dsym";
				ENABLE_NS_ASSERTIONS = NO;
				ENABLE_STRICT_OBJC_MSGSEND = YES;
				GCC_C_LANGUAGE_STANDARD = gnu99;
				GCC_NO_COMMON_BLOCKS = YES;
				GCC_WARN_64_TO_32_BIT_CONVERSION = YES;
				GCC_WARN_ABOUT_RETURN_TYPE = YES_ERROR;
				GCC_WARN_UNDECLARED_SELECTOR = YES;
				GCC_WARN_UNINITIALIZED_AUTOS = YES_AGGRESSIVE;
				GCC_WARN_UNUSED_FUNCTION = YES;
				GCC_WARN_UNUSED_VARIABLE = YES;
				IPHONEOS_DEPLOYMENT_TARGET = 9.3;
				MTL_ENABLE_DEBUG_INFO = NO;
				SDKROOT = iphoneos;
				VALIDATE_PRODUCT = YES;
			};
			name = Release;
		};
		FA0DD1C21D276AD30089F512 /* Debug */ = {
			isa = XCBuildConfiguration;
			baseConfigurationReference = 3A6EBA255A72E8063A9C2194 /* Pods-Mext.debug.xcconfig */;
			buildSettings = {
				ASSETCATALOG_COMPILER_APPICON_NAME = AppIcon;
				CLANG_ENABLE_MODULES = YES;
				INFOPLIST_FILE = Mext/Info.plist;
				LD_RUNPATH_SEARCH_PATHS = "$(inherited) @executable_path/Frameworks";
				PRODUCT_BUNDLE_IDENTIFIER = com.neverland.Mext;
				PRODUCT_NAME = "$(TARGET_NAME)";
				SWIFT_OBJC_BRIDGING_HEADER = "Mext/Mext-Bridging-Header.h";
				SWIFT_OPTIMIZATION_LEVEL = "-Onone";
			};
			name = Debug;
		};
		FA0DD1C31D276AD30089F512 /* Release */ = {
			isa = XCBuildConfiguration;
			baseConfigurationReference = FF0B378683EA343F1732402A /* Pods-Mext.release.xcconfig */;
			buildSettings = {
				ASSETCATALOG_COMPILER_APPICON_NAME = AppIcon;
				CLANG_ENABLE_MODULES = YES;
				INFOPLIST_FILE = Mext/Info.plist;
				LD_RUNPATH_SEARCH_PATHS = "$(inherited) @executable_path/Frameworks";
				PRODUCT_BUNDLE_IDENTIFIER = com.neverland.Mext;
				PRODUCT_NAME = "$(TARGET_NAME)";
				SWIFT_OBJC_BRIDGING_HEADER = "Mext/Mext-Bridging-Header.h";
			};
			name = Release;
		};
		FA0DD1C51D276AD30089F512 /* Debug */ = {
			isa = XCBuildConfiguration;
			baseConfigurationReference = AABC01EC84B157FCD8085690 /* Pods-MextTests.debug.xcconfig */;
			buildSettings = {
				BUNDLE_LOADER = "$(TEST_HOST)";
				INFOPLIST_FILE = MextTests/Info.plist;
				LD_RUNPATH_SEARCH_PATHS = "$(inherited) @executable_path/Frameworks @loader_path/Frameworks";
				PRODUCT_BUNDLE_IDENTIFIER = com.neverland.MextTests;
				PRODUCT_NAME = "$(TARGET_NAME)";
				TEST_HOST = "$(BUILT_PRODUCTS_DIR)/Mext.app/Mext";
			};
			name = Debug;
		};
		FA0DD1C61D276AD30089F512 /* Release */ = {
			isa = XCBuildConfiguration;
			baseConfigurationReference = 4E340D33511CBFDD49E1F836 /* Pods-MextTests.release.xcconfig */;
			buildSettings = {
				BUNDLE_LOADER = "$(TEST_HOST)";
				INFOPLIST_FILE = MextTests/Info.plist;
				LD_RUNPATH_SEARCH_PATHS = "$(inherited) @executable_path/Frameworks @loader_path/Frameworks";
				PRODUCT_BUNDLE_IDENTIFIER = com.neverland.MextTests;
				PRODUCT_NAME = "$(TARGET_NAME)";
				TEST_HOST = "$(BUILT_PRODUCTS_DIR)/Mext.app/Mext";
			};
			name = Release;
		};
		FA0DD1C81D276AD30089F512 /* Debug */ = {
			isa = XCBuildConfiguration;
			baseConfigurationReference = 6B52820085DAFC033814858D /* Pods-MextUITests.debug.xcconfig */;
			buildSettings = {
				INFOPLIST_FILE = MextUITests/Info.plist;
				LD_RUNPATH_SEARCH_PATHS = "$(inherited) @executable_path/Frameworks @loader_path/Frameworks";
				PRODUCT_BUNDLE_IDENTIFIER = com.neverland.MextUITests;
				PRODUCT_NAME = "$(TARGET_NAME)";
				TEST_TARGET_NAME = Mext;
			};
			name = Debug;
		};
		FA0DD1C91D276AD30089F512 /* Release */ = {
			isa = XCBuildConfiguration;
			baseConfigurationReference = F25AA563D171A1F7935E41D5 /* Pods-MextUITests.release.xcconfig */;
			buildSettings = {
				INFOPLIST_FILE = MextUITests/Info.plist;
				LD_RUNPATH_SEARCH_PATHS = "$(inherited) @executable_path/Frameworks @loader_path/Frameworks";
				PRODUCT_BUNDLE_IDENTIFIER = com.neverland.MextUITests;
				PRODUCT_NAME = "$(TARGET_NAME)";
				TEST_TARGET_NAME = Mext;
			};
			name = Release;
		};
/* End XCBuildConfiguration section */

/* Begin XCConfigurationList section */
		FA0DD1941D276AD30089F512 /* Build configuration list for PBXProject "Mext" */ = {
			isa = XCConfigurationList;
			buildConfigurations = (
				FA0DD1BF1D276AD30089F512 /* Debug */,
				FA0DD1C01D276AD30089F512 /* Release */,
			);
			defaultConfigurationIsVisible = 0;
			defaultConfigurationName = Release;
		};
		FA0DD1C11D276AD30089F512 /* Build configuration list for PBXNativeTarget "Mext" */ = {
			isa = XCConfigurationList;
			buildConfigurations = (
				FA0DD1C21D276AD30089F512 /* Debug */,
				FA0DD1C31D276AD30089F512 /* Release */,
			);
			defaultConfigurationIsVisible = 0;
			defaultConfigurationName = Release;
		};
		FA0DD1C41D276AD30089F512 /* Build configuration list for PBXNativeTarget "MextTests" */ = {
			isa = XCConfigurationList;
			buildConfigurations = (
				FA0DD1C51D276AD30089F512 /* Debug */,
				FA0DD1C61D276AD30089F512 /* Release */,
			);
			defaultConfigurationIsVisible = 0;
			defaultConfigurationName = Release;
		};
		FA0DD1C71D276AD30089F512 /* Build configuration list for PBXNativeTarget "MextUITests" */ = {
			isa = XCConfigurationList;
			buildConfigurations = (
				FA0DD1C81D276AD30089F512 /* Debug */,
				FA0DD1C91D276AD30089F512 /* Release */,
			);
			defaultConfigurationIsVisible = 0;
			defaultConfigurationName = Release;
		};
/* End XCConfigurationList section */
	};
	rootObject = FA0DD1911D276AD30089F512 /* Project object */;
}
